
Microsoft Visual Studio Solution File, Format Version 12.00
# Visual Studio Version 17
VisualStudioVersion = 17.8.34316.72
MinimumVisualStudioVersion = 10.0.40219.1
Project("{FAE04EC0-301F-11D3-BF4B-00C04F79EFBC}") = "CRUD", "CRUD\CRUD.csproj", "{563CDD55-6DFF-4253-95E1-342EDEC81070}"
EndProject
Global
	GlobalSection(SolutionConfigurationPlatforms) = preSolution
		Debug|Any CPU = Debug|Any CPU
		Release|Any CPU = Release|Any CPU
	EndGlobalSection
	GlobalSection(ProjectConfigurationPlatforms) = postSolution
		{563CDD55-6DFF-4253-95E1-342EDEC81070}.Debug|Any CPU.ActiveCfg = Debug|Any CPU
		{563CDD55-6DFF-4253-95E1-342EDEC81070}.Debug|Any CPU.Build.0 = Debug|Any CPU
		{563CDD55-6DFF-4253-95E1-342EDEC81070}.Release|Any CPU.ActiveCfg = Release|Any CPU
		{563CDD55-6DFF-4253-95E1-342EDEC81070}.Release|Any CPU.Build.0 = Release|Any CPU
	EndGlobalSection
	GlobalSection(SolutionProperties) = preSolution
		HideSolutionNode = FALSE
	EndGlobalSection
	GlobalSection(ExtensibilityGlobals) = postSolution
		SolutionGuid = {47D48603-8446-4068-B796-F398C6937108}
	EndGlobalSection
EndGlobal
